
Microsoft Visual Studio Solution File, Format Version 12.00
# Visual Studio Version 17
VisualStudioVersion = 17.10.35122.118
MinimumVisualStudioVersion = 10.0.40219.1
Project("{FAE04EC0-301F-11D3-BF4B-00C04F79EFBC}") = "SpendSmart", "SpendSmart.csproj", "{D494D9D8-B4B5-4282-AF7B-3479D6D380D8}"
EndProject
Global
	GlobalSection(SolutionConfigurationPlatforms) = preSolution
		Debug|Any CPU = Debug|Any CPU
		Release|Any CPU = Release|Any CPU
	EndGlobalSection
	GlobalSection(ProjectConfigurationPlatforms) = postSolution
		{D494D9D8-B4B5-4282-AF7B-3479D6D380D8}.Debug|Any CPU.ActiveCfg = Debug|Any CPU
		{D494D9D8-B4B5-4282-AF7B-3479D6D380D8}.Debug|Any CPU.Build.0 = Debug|Any CPU
		{D494D9D8-B4B5-4282-AF7B-3479D6D380D8}.Release|Any CPU.ActiveCfg = Release|Any CPU
		{D494D9D8-B4B5-4282-AF7B-3479D6D380D8}.Release|Any CPU.Build.0 = Release|Any CPU
	EndGlobalSection
	GlobalSection(SolutionProperties) = preSolution
		HideSolutionNode = FALSE
	EndGlobalSection
	GlobalSection(ExtensibilityGlobals) = postSolution
		SolutionGuid = {3CF51BC6-9193-4ABE-A7F7-824F8C5C8E0E}
	EndGlobalSection
EndGlobal
